// !$*UTF8*$!
{
	archiveVersion = 1;
	classes = {
	};
	objectVersion = 55;
	objects = {

/* Begin PBXBuildFile section */
		BEEA411527AAAF2100331747 /* AppDelegate.swift in Sources */ = {isa = PBXBuildFile; fileRef = BEEA411427AAAF2100331747 /* AppDelegate.swift */; };
		BEEA411727AAAF2100331747 /* SceneDelegate.swift in Sources */ = {isa = PBXBuildFile; fileRef = BEEA411627AAAF2100331747 /* SceneDelegate.swift */; };
		BEEA411927AAAF2100331747 /* ViewController.swift in Sources */ = {isa = PBXBuildFile; fileRef = BEEA411827AAAF2100331747 /* ViewController.swift */; };
		BEEA411C27AAAF2100331747 /* Main.storyboard in Resources */ = {isa = PBXBuildFile; fileRef = BEEA411A27AAAF2100331747 /* Main.storyboard */; };
		BEEA411F27AAAF2100331747 /* Aula_2_Viagens.xcdatamodeld in Sources */ = {isa = PBXBuildFile; fileRef = BEEA411D27AAAF2100331747 /* Aula_2_Viagens.xcdatamodeld */; };
		BEEA412127AAAF2300331747 /* Assets.xcassets in Resources */ = {isa = PBXBuildFile; fileRef = BEEA412027AAAF2300331747 /* Assets.xcassets */; };
		BEEA412427AAAF2300331747 /* LaunchScreen.storyboard in Resources */ = {isa = PBXBuildFile; fileRef = BEEA412227AAAF2300331747 /* LaunchScreen.storyboard */; };
		BEEA412F27AAAF2400331747 /* Aula_2_ViagensTests.swift in Sources */ = {isa = PBXBuildFile; fileRef = BEEA412E27AAAF2400331747 /* Aula_2_ViagensTests.swift */; };
		BEEA413927AAAF2400331747 /* Aula_2_ViagensUITests.swift in Sources */ = {isa = PBXBuildFile; fileRef = BEEA413827AAAF2400331747 /* Aula_2_ViagensUITests.swift */; };
		BEEA413B27AAAF2400331747 /* Aula_2_ViagensUITestsLaunchTests.swift in Sources */ = {isa = PBXBuildFile; fileRef = BEEA413A27AAAF2400331747 /* Aula_2_ViagensUITestsLaunchTests.swift */; };
		BEEA414827AAC0F700331747 /* Viagem.swift in Sources */ = {isa = PBXBuildFile; fileRef = BEEA414727AAC0F700331747 /* Viagem.swift */; };
		BEEA414A27AAC61200331747 /* ViagemDAO.swift in Sources */ = {isa = PBXBuildFile; fileRef = BEEA414927AAC61200331747 /* ViagemDAO.swift */; };
		BEEA414C27AAC7EB00331747 /* TableViewCell.swift in Sources */ = {isa = PBXBuildFile; fileRef = BEEA414B27AAC7EB00331747 /* TableViewCell.swift */; };
		BEEA416427AAF4E300331747 /* img5.jpg in Resources */ = {isa = PBXBuildFile; fileRef = BEEA415F27AAF4E300331747 /* img5.jpg */; };
		BEEA416527AAF4E300331747 /* img4.jpg in Resources */ = {isa = PBXBuildFile; fileRef = BEEA416027AAF4E300331747 /* img4.jpg */; };
		BEEA416627AAF4E300331747 /* img3.jpg in Resources */ = {isa = PBXBuildFile; fileRef = BEEA416127AAF4E300331747 /* img3.jpg */; };
		BEEA416727AAF4E300331747 /* img2.jpg in Resources */ = {isa = PBXBuildFile; fileRef = BEEA416227AAF4E300331747 /* img2.jpg */; };
		BEEA416827AAF4E300331747 /* img1.png in Resources */ = {isa = PBXBuildFile; fileRef = BEEA416327AAF4E300331747 /* img1.png */; };
/* End PBXBuildFile section */

/* Begin PBXContainerItemProxy section */
		BEEA412B27AAAF2300331747 /* PBXContainerItemProxy */ = {
			isa = PBXContainerItemProxy;
			containerPortal = BEEA410927AAAF2100331747 /* Project object */;
			proxyType = 1;
			remoteGlobalIDString = BEEA411027AAAF2100331747;
			remoteInfo = "Aula 2 Viagens";
		};
		BEEA413527AAAF2400331747 /* PBXContainerItemProxy */ = {
			isa = PBXContainerItemProxy;
			containerPortal = BEEA410927AAAF2100331747 /* Project object */;
			proxyType = 1;
			remoteGlobalIDString = BEEA411027AAAF2100331747;
			remoteInfo = "Aula 2 Viagens";
		};
/* End PBXContainerItemProxy section */

/* Begin PBXFileReference section */
		BEEA411127AAAF2100331747 /* Aula 2 Viagens.app */ = {isa = PBXFileReference; explicitFileType = wrapper.application; includeInIndex = 0; path = "Aula 2 Viagens.app"; sourceTree = BUILT_PRODUCTS_DIR; };
		BEEA411427AAAF2100331747 /* AppDelegate.swift */ = {isa = PBXFileReference; lastKnownFileType = sourcecode.swift; path = AppDelegate.swift; sourceTree = "<group>"; };
		BEEA411627AAAF2100331747 /* SceneDelegate.swift */ = {isa = PBXFileReference; lastKnownFileType = sourcecode.swift; path = SceneDelegate.swift; sourceTree = "<group>"; };
		BEEA411827AAAF2100331747 /* ViewController.swift */ = {isa = PBXFileReference; lastKnownFileType = sourcecode.swift; path = ViewController.swift; sourceTree = "<group>"; };
		BEEA411B27AAAF2100331747 /* Base */ = {isa = PBXFileReference; lastKnownFileType = file.storyboard; name = Base; path = Base.lproj/Main.storyboard; sourceTree = "<group>"; };
		BEEA411E27AAAF2100331747 /* Aula_2_Viagens.xcdatamodel */ = {isa = PBXFileReference; lastKnownFileType = wrapper.xcdatamodel; path = Aula_2_Viagens.xcdatamodel; sourceTree = "<group>"; };
		BEEA412027AAAF2300331747 /* Assets.xcassets */ = {isa = PBXFileReference; lastKnownFileType = folder.assetcatalog; path = Assets.xcassets; sourceTree = "<group>"; };
		BEEA412327AAAF2300331747 /* Base */ = {isa = PBXFileReference; lastKnownFileType = file.storyboard; name = Base; path = Base.lproj/LaunchScreen.storyboard; sourceTree = "<group>"; };
		BEEA412527AAAF2300331747 /* Info.plist */ = {isa = PBXFileReference; lastKnownFileType = text.plist.xml; path = Info.plist; sourceTree = "<group>"; };
		BEEA412A27AAAF2300331747 /* Aula 2 ViagensTests.xctest */ = {isa = PBXFileReference; explicitFileType = wrapper.cfbundle; includeInIndex = 0; path = "Aula 2 ViagensTests.xctest"; sourceTree = BUILT_PRODUCTS_DIR; };
		BEEA412E27AAAF2400331747 /* Aula_2_ViagensTests.swift */ = {isa = PBXFileReference; lastKnownFileType = sourcecode.swift; path = Aula_2_ViagensTests.swift; sourceTree = "<group>"; };
		BEEA413427AAAF2400331747 /* Aula 2 ViagensUITests.xctest */ = {isa = PBXFileReference; explicitFileType = wrapper.cfbundle; includeInIndex = 0; path = "Aula 2 ViagensUITests.xctest"; sourceTree = BUILT_PRODUCTS_DIR; };
		BEEA413827AAAF2400331747 /* Aula_2_ViagensUITests.swift */ = {isa = PBXFileReference; lastKnownFileType = sourcecode.swift; path = Aula_2_ViagensUITests.swift; sourceTree = "<group>"; };
		BEEA413A27AAAF2400331747 /* Aula_2_ViagensUITestsLaunchTests.swift */ = {isa = PBXFileReference; lastKnownFileType = sourcecode.swift; path = Aula_2_ViagensUITestsLaunchTests.swift; sourceTree = "<group>"; };
		BEEA414727AAC0F700331747 /* Viagem.swift */ = {isa = PBXFileReference; lastKnownFileType = sourcecode.swift; path = Viagem.swift; sourceTree = "<group>"; };
		BEEA414927AAC61200331747 /* ViagemDAO.swift */ = {isa = PBXFileReference; fileEncoding = 4; lastKnownFileType = sourcecode.swift; path = ViagemDAO.swift; sourceTree = "<group>"; };
		BEEA414B27AAC7EB00331747 /* TableViewCell.swift */ = {isa = PBXFileReference; lastKnownFileType = sourcecode.swift; path = TableViewCell.swift; sourceTree = "<group>"; };
		BEEA415F27AAF4E300331747 /* img5.jpg */ = {isa = PBXFileReference; lastKnownFileType = image.jpeg; path = img5.jpg; sourceTree = "<group>"; };
		BEEA416027AAF4E300331747 /* img4.jpg */ = {isa = PBXFileReference; lastKnownFileType = image.jpeg; path = img4.jpg; sourceTree = "<group>"; };
		BEEA416127AAF4E300331747 /* img3.jpg */ = {isa = PBXFileReference; lastKnownFileType = image.jpeg; path = img3.jpg; sourceTree = "<group>"; };
		BEEA416227AAF4E300331747 /* img2.jpg */ = {isa = PBXFileReference; lastKnownFileType = image.jpeg; path = img2.jpg; sourceTree = "<group>"; };
		BEEA416327AAF4E300331747 /* img1.png */ = {isa = PBXFileReference; lastKnownFileType = image.png; path = img1.png; sourceTree = "<group>"; };
/* End PBXFileReference section */

/* Begin PBXFrameworksBuildPhase section */
		BEEA410E27AAAF2100331747 /* Frameworks */ = {
			isa = PBXFrameworksBuildPhase;
			buildActionMask = 2147483647;
			files = (
			);
			runOnlyForDeploymentPostprocessing = 0;
		};
		BEEA412727AAAF2300331747 /* Frameworks */ = {
			isa = PBXFrameworksBuildPhase;
			buildActionMask = 2147483647;
			files = (
			);
			runOnlyForDeploymentPostprocessing = 0;
		};
		BEEA413127AAAF2400331747 /* Frameworks */ = {
			isa = PBXFrameworksBuildPhase;
			buildActionMask = 2147483647;
			files = (
			);
			runOnlyForDeploymentPostprocessing = 0;
		};
/* End PBXFrameworksBuildPhase section */

/* Begin PBXGroup section */
		BEEA410827AAAF2100331747 = {
			isa = PBXGroup;
			children = (
				BEEA411327AAAF2100331747 /* Aula 2 Viagens */,
				BEEA412D27AAAF2300331747 /* Aula 2 ViagensTests */,
				BEEA413727AAAF2400331747 /* Aula 2 ViagensUITests */,
				BEEA411227AAAF2100331747 /* Products */,
			);
			sourceTree = "<group>";
		};
		BEEA411227AAAF2100331747 /* Products */ = {
			isa = PBXGroup;
			children = (
				BEEA411127AAAF2100331747 /* Aula 2 Viagens.app */,
				BEEA412A27AAAF2300331747 /* Aula 2 ViagensTests.xctest */,
				BEEA413427AAAF2400331747 /* Aula 2 ViagensUITests.xctest */,
			);
			name = Products;
			sourceTree = "<group>";
		};
		BEEA411327AAAF2100331747 /* Aula 2 Viagens */ = {
			isa = PBXGroup;
			children = (
				BEEA411427AAAF2100331747 /* AppDelegate.swift */,
				BEEA411627AAAF2100331747 /* SceneDelegate.swift */,
				BEEA415827AAEDB200331747 /* Model */,
				BEEA415927AAEDCD00331747 /* Home */,
				BEEA415D27AAEE2A00331747 /* ViagemDAO */,
				BEEA411A27AAAF2100331747 /* Main.storyboard */,
				BEEA415E27AAF4E300331747 /* Assets */,
				BEEA412027AAAF2300331747 /* Assets.xcassets */,
				BEEA412227AAAF2300331747 /* LaunchScreen.storyboard */,
				BEEA412527AAAF2300331747 /* Info.plist */,
				BEEA411D27AAAF2100331747 /* Aula_2_Viagens.xcdatamodeld */,
			);
			path = "Aula 2 Viagens";
			sourceTree = "<group>";
		};
		BEEA412D27AAAF2300331747 /* Aula 2 ViagensTests */ = {
			isa = PBXGroup;
			children = (
				BEEA412E27AAAF2400331747 /* Aula_2_ViagensTests.swift */,
			);
			path = "Aula 2 ViagensTests";
			sourceTree = "<group>";
		};
		BEEA413727AAAF2400331747 /* Aula 2 ViagensUITests */ = {
			isa = PBXGroup;
			children = (
				BEEA413827AAAF2400331747 /* Aula_2_ViagensUITests.swift */,
				BEEA413A27AAAF2400331747 /* Aula_2_ViagensUITestsLaunchTests.swift */,
			);
			path = "Aula 2 ViagensUITests";
			sourceTree = "<group>";
		};
		BEEA415827AAEDB200331747 /* Model */ = {
			isa = PBXGroup;
			children = (
				BEEA414727AAC0F700331747 /* Viagem.swift */,
			);
			path = Model;
			sourceTree = "<group>";
		};
		BEEA415927AAEDCD00331747 /* Home */ = {
			isa = PBXGroup;
			children = (
				BEEA415C27AAEE1D00331747 /* View */,
				BEEA415A27AAEE0400331747 /* Controller */,
			);
			path = Home;
			sourceTree = "<group>";
		};
		BEEA415A27AAEE0400331747 /* Controller */ = {
			isa = PBXGroup;
			children = (
				BEEA411827AAAF2100331747 /* ViewController.swift */,
			);
			path = Controller;
			sourceTree = "<group>";
		};
		BEEA415C27AAEE1D00331747 /* View */ = {
			isa = PBXGroup;
			children = (
				BEEA414B27AAC7EB00331747 /* TableViewCell.swift */,
			);
			path = View;
			sourceTree = "<group>";
		};
		BEEA415D27AAEE2A00331747 /* ViagemDAO */ = {
			isa = PBXGroup;
			children = (
				BEEA414927AAC61200331747 /* ViagemDAO.swift */,
			);
			path = ViagemDAO;
			sourceTree = "<group>";
		};
		BEEA415E27AAF4E300331747 /* Assets */ = {
			isa = PBXGroup;
			children = (
				BEEA415F27AAF4E300331747 /* img5.jpg */,
				BEEA416027AAF4E300331747 /* img4.jpg */,
				BEEA416127AAF4E300331747 /* img3.jpg */,
				BEEA416227AAF4E300331747 /* img2.jpg */,
				BEEA416327AAF4E300331747 /* img1.png */,
			);
			path = Assets;
			sourceTree = "<group>";
		};
/* End PBXGroup section */

/* Begin PBXNativeTarget section */
		BEEA411027AAAF2100331747 /* Aula 2 Viagens */ = {
			isa = PBXNativeTarget;
			buildConfigurationList = BEEA413E27AAAF2400331747 /* Build configuration list for PBXNativeTarget "Aula 2 Viagens" */;
			buildPhases = (
				BEEA410D27AAAF2100331747 /* Sources */,
				BEEA410E27AAAF2100331747 /* Frameworks */,
				BEEA410F27AAAF2100331747 /* Resources */,
			);
			buildRules = (
			);
			dependencies = (
			);
			name = "Aula 2 Viagens";
			productName = "Aula 2 Viagens";
			productReference = BEEA411127AAAF2100331747 /* Aula 2 Viagens.app */;
			productType = "com.apple.product-type.application";
		};
		BEEA412927AAAF2300331747 /* Aula 2 ViagensTests */ = {
			isa = PBXNativeTarget;
			buildConfigurationList = BEEA414127AAAF2400331747 /* Build configuration list for PBXNativeTarget "Aula 2 ViagensTests" */;
			buildPhases = (
				BEEA412627AAAF2300331747 /* Sources */,
				BEEA412727AAAF2300331747 /* Frameworks */,
				BEEA412827AAAF2300331747 /* Resources */,
			);
			buildRules = (
			);
			dependencies = (
				BEEA412C27AAAF2300331747 /* PBXTargetDependency */,
			);
			name = "Aula 2 ViagensTests";
			productName = "Aula 2 ViagensTests";
			productReference = BEEA412A27AAAF2300331747 /* Aula 2 ViagensTests.xctest */;
			productType = "com.apple.product-type.bundle.unit-test";
		};
		BEEA413327AAAF2400331747 /* Aula 2 ViagensUITests */ = {
			isa = PBXNativeTarget;
			buildConfigurationList = BEEA414427AAAF2400331747 /* Build configuration list for PBXNativeTarget "Aula 2 ViagensUITests" */;
			buildPhases = (
				BEEA413027AAAF2400331747 /* Sources */,
				BEEA413127AAAF2400331747 /* Frameworks */,
				BEEA413227AAAF2400331747 /* Resources */,
			);
			buildRules = (
			);
			dependencies = (
				BEEA413627AAAF2400331747 /* PBXTargetDependency */,
			);
			name = "Aula 2 ViagensUITests";
			productName = "Aula 2 ViagensUITests";
			productReference = BEEA413427AAAF2400331747 /* Aula 2 ViagensUITests.xctest */;
			productType = "com.apple.product-type.bundle.ui-testing";
		};
/* End PBXNativeTarget section */

/* Begin PBXProject section */
		BEEA410927AAAF2100331747 /* Project object */ = {
			isa = PBXProject;
			attributes = {
				BuildIndependentTargetsInParallel = 1;
				LastSwiftUpdateCheck = 1320;
				LastUpgradeCheck = 1320;
				TargetAttributes = {
					BEEA411027AAAF2100331747 = {
						CreatedOnToolsVersion = 13.2.1;
					};
					BEEA412927AAAF2300331747 = {
						CreatedOnToolsVersion = 13.2.1;
						TestTargetID = BEEA411027AAAF2100331747;
					};
					BEEA413327AAAF2400331747 = {
						CreatedOnToolsVersion = 13.2.1;
						TestTargetID = BEEA411027AAAF2100331747;
					};
				};
			};
			buildConfigurationList = BEEA410C27AAAF2100331747 /* Build configuration list for PBXProject "Aula 2 Viagens" */;
			compatibilityVersion = "Xcode 13.0";
			developmentRegion = en;
			hasScannedForEncodings = 0;
			knownRegions = (
				en,
				Base,
			);
			mainGroup = BEEA410827AAAF2100331747;
			productRefGroup = BEEA411227AAAF2100331747 /* Products */;
			projectDirPath = "";
			projectRoot = "";
			targets = (
				BEEA411027AAAF2100331747 /* Aula 2 Viagens */,
				BEEA412927AAAF2300331747 /* Aula 2 ViagensTests */,
				BEEA413327AAAF2400331747 /* Aula 2 ViagensUITests */,
			);
		};
/* End PBXProject section */

/* Begin PBXResourcesBuildPhase section */
		BEEA410F27AAAF2100331747 /* Resources */ = {
			isa = PBXResourcesBuildPhase;
			buildActionMask = 2147483647;
			files = (
				BEEA412427AAAF2300331747 /* LaunchScreen.storyboard in Resources */,
				BEEA416827AAF4E300331747 /* img1.png in Resources */,
				BEEA416627AAF4E300331747 /* img3.jpg in Resources */,
				BEEA416527AAF4E300331747 /* img4.jpg in Resources */,
				BEEA416427AAF4E300331747 /* img5.jpg in Resources */,
				BEEA412127AAAF2300331747 /* Assets.xcassets in Resources */,
				BEEA411C27AAAF2100331747 /* Main.storyboard in Resources */,
				BEEA416727AAF4E300331747 /* img2.jpg in Resources */,
			);
			runOnlyForDeploymentPostprocessing = 0;
		};
		BEEA412827AAAF2300331747 /* Resources */ = {
			isa = PBXResourcesBuildPhase;
			buildActionMask = 2147483647;
			files = (
			);
			runOnlyForDeploymentPostprocessing = 0;
		};
		BEEA413227AAAF2400331747 /* Resources */ = {
			isa = PBXResourcesBuildPhase;
			buildActionMask = 2147483647;
			files = (
			);
			runOnlyForDeploymentPostprocessing = 0;
		};
/* End PBXResourcesBuildPhase section */

/* Begin PBXSourcesBuildPhase section */
		BEEA410D27AAAF2100331747 /* Sources */ = {
			isa = PBXSourcesBuildPhase;
			buildActionMask = 2147483647;
			files = (
				BEEA411927AAAF2100331747 /* ViewController.swift in Sources */,
				BEEA411527AAAF2100331747 /* AppDelegate.swift in Sources */,
				BEEA411727AAAF2100331747 /* SceneDelegate.swift in Sources */,
				BEEA414A27AAC61200331747 /* ViagemDAO.swift in Sources */,
				BEEA411F27AAAF2100331747 /* Aula_2_Viagens.xcdatamodeld in Sources */,
				BEEA414C27AAC7EB00331747 /* TableViewCell.swift in Sources */,
				BEEA414827AAC0F700331747 /* Viagem.swift in Sources */,
			);
			runOnlyForDeploymentPostprocessing = 0;
		};
		BEEA412627AAAF2300331747 /* Sources */ = {
			isa = PBXSourcesBuildPhase;
			buildActionMask = 2147483647;
			files = (
				BEEA412F27AAAF2400331747 /* Aula_2_ViagensTests.swift in Sources */,
			);
			runOnlyForDeploymentPostprocessing = 0;
		};
		BEEA413027AAAF2400331747 /* Sources */ = {
			isa = PBXSourcesBuildPhase;
			buildActionMask = 2147483647;
			files = (
				BEEA413B27AAAF2400331747 /* Aula_2_ViagensUITestsLaunchTests.swift in Sources */,
				BEEA413927AAAF2400331747 /* Aula_2_ViagensUITests.swift in Sources */,
			);
			runOnlyForDeploymentPostprocessing = 0;
		};
/* End PBXSourcesBuildPhase section */

/* Begin PBXTargetDependency section */
		BEEA412C27AAAF2300331747 /* PBXTargetDependency */ = {
			isa = PBXTargetDependency;
			target = BEEA411027AAAF2100331747 /* Aula 2 Viagens */;
			targetProxy = BEEA412B27AAAF2300331747 /* PBXContainerItemProxy */;
		};
		BEEA413627AAAF2400331747 /* PBXTargetDependency */ = {
			isa = PBXTargetDependency;
			target = BEEA411027AAAF2100331747 /* Aula 2 Viagens */;
			targetProxy = BEEA413527AAAF2400331747 /* PBXContainerItemProxy */;
		};
/* End PBXTargetDependency section */

/* Begin PBXVariantGroup section */
		BEEA411A27AAAF2100331747 /* Main.storyboard */ = {
			isa = PBXVariantGroup;
			children = (
				BEEA411B27AAAF2100331747 /* Base */,
			);
			name = Main.storyboard;
			sourceTree = "<group>";
		};
		BEEA412227AAAF2300331747 /* LaunchScreen.storyboard */ = {
			isa = PBXVariantGroup;
			children = (
				BEEA412327AAAF2300331747 /* Base */,
			);
			name = LaunchScreen.storyboard;
			sourceTree = "<group>";
		};
/* End PBXVariantGroup section */

/* Begin XCBuildConfiguration section */
		BEEA413C27AAAF2400331747 /* Debug */ = {
			isa = XCBuildConfiguration;
			buildSettings = {
				ALWAYS_SEARCH_USER_PATHS = NO;
				CLANG_ANALYZER_NONNULL = YES;
				CLANG_ANALYZER_NUMBER_OBJECT_CONVERSION = YES_AGGRESSIVE;
				CLANG_CXX_LANGUAGE_STANDARD = "gnu++17";
				CLANG_CXX_LIBRARY = "libc++";
				CLANG_ENABLE_MODULES = YES;
				CLANG_ENABLE_OBJC_ARC = YES;
				CLANG_ENABLE_OBJC_WEAK = YES;
				CLANG_WARN_BLOCK_CAPTURE_AUTORELEASING = YES;
				CLANG_WARN_BOOL_CONVERSION = YES;
				CLANG_WARN_COMMA = YES;
				CLANG_WARN_CONSTANT_CONVERSION = YES;
				CLANG_WARN_DEPRECATED_OBJC_IMPLEMENTATIONS = YES;
				CLANG_WARN_DIRECT_OBJC_ISA_USAGE = YES_ERROR;
				CLANG_WARN_DOCUMENTATION_COMMENTS = YES;
				CLANG_WARN_EMPTY_BODY = YES;
				CLANG_WARN_ENUM_CONVERSION = YES;
				CLANG_WARN_INFINITE_RECURSION = YES;
				CLANG_WARN_INT_CONVERSION = YES;
				CLANG_WARN_NON_LITERAL_NULL_CONVERSION = YES;
				CLANG_WARN_OBJC_IMPLICIT_RETAIN_SELF = YES;
				CLANG_WARN_OBJC_LITERAL_CONVERSION = YES;
				CLANG_WARN_OBJC_ROOT_CLASS = YES_ERROR;
				CLANG_WARN_QUOTED_INCLUDE_IN_FRAMEWORK_HEADER = YES;
				CLANG_WARN_RANGE_LOOP_ANALYSIS = YES;
				CLANG_WARN_STRICT_PROTOTYPES = YES;
				CLANG_WARN_SUSPICIOUS_MOVE = YES;
				CLANG_WARN_UNGUARDED_AVAILABILITY = YES_AGGRESSIVE;
				CLANG_WARN_UNREACHABLE_CODE = YES;
				CLANG_WARN__DUPLICATE_METHOD_MATCH = YES;
				COPY_PHASE_STRIP = NO;
				DEBUG_INFORMATION_FORMAT = dwarf;
				ENABLE_STRICT_OBJC_MSGSEND = YES;
				ENABLE_TESTABILITY = YES;
				GCC_C_LANGUAGE_STANDARD = gnu11;
				GCC_DYNAMIC_NO_PIC = NO;
				GCC_NO_COMMON_BLOCKS = YES;
				GCC_OPTIMIZATION_LEVEL = 0;
				GCC_PREPROCESSOR_DEFINITIONS = (
					"DEBUG=1",
					"$(inherited)",
				);
				GCC_WARN_64_TO_32_BIT_CONVERSION = YES;
				GCC_WARN_ABOUT_RETURN_TYPE = YES_ERROR;
				GCC_WARN_UNDECLARED_SELECTOR = YES;
				GCC_WARN_UNINITIALIZED_AUTOS = YES_AGGRESSIVE;
				GCC_WARN_UNUSED_FUNCTION = YES;
				GCC_WARN_UNUSED_VARIABLE = YES;
				IPHONEOS_DEPLOYMENT_TARGET = 15.2;
				MTL_ENABLE_DEBUG_INFO = INCLUDE_SOURCE;
				MTL_FAST_MATH = YES;
				ONLY_ACTIVE_ARCH = YES;
				SDKROOT = iphoneos;
				SWIFT_ACTIVE_COMPILATION_CONDITIONS = DEBUG;
				SWIFT_OPTIMIZATION_LEVEL = "-Onone";
			};
			name = Debug;
		};
		BEEA413D27AAAF2400331747 /* Release */ = {
			isa = XCBuildConfiguration;
			buildSettings = {
				ALWAYS_SEARCH_USER_PATHS = NO;
				CLANG_ANALYZER_NONNULL = YES;
				CLANG_ANALYZER_NUMBER_OBJECT_CONVERSION = YES_AGGRESSIVE;
				CLANG_CXX_LANGUAGE_STANDARD = "gnu++17";
				CLANG_CXX_LIBRARY = "libc++";
				CLANG_ENABLE_MODULES = YES;
				CLANG_ENABLE_OBJC_ARC = YES;
				CLANG_ENABLE_OBJC_WEAK = YES;
				CLANG_WARN_BLOCK_CAPTURE_AUTORELEASING = YES;
				CLANG_WARN_BOOL_CONVERSION = YES;
				CLANG_WARN_COMMA = YES;
				CLANG_WARN_CONSTANT_CONVERSION = YES;
				CLANG_WARN_DEPRECATED_OBJC_IMPLEMENTATIONS = YES;
				CLANG_WARN_DIRECT_OBJC_ISA_USAGE = YES_ERROR;
				CLANG_WARN_DOCUMENTATION_COMMENTS = YES;
				CLANG_WARN_EMPTY_BODY = YES;
				CLANG_WARN_ENUM_CONVERSION = YES;
				CLANG_WARN_INFINITE_RECURSION = YES;
				CLANG_WARN_INT_CONVERSION = YES;
				CLANG_WARN_NON_LITERAL_NULL_CONVERSION = YES;
				CLANG_WARN_OBJC_IMPLICIT_RETAIN_SELF = YES;
				CLANG_WARN_OBJC_LITERAL_CONVERSION = YES;
				CLANG_WARN_OBJC_ROOT_CLASS = YES_ERROR;
				CLANG_WARN_QUOTED_INCLUDE_IN_FRAMEWORK_HEADER = YES;
				CLANG_WARN_RANGE_LOOP_ANALYSIS = YES;
				CLANG_WARN_STRICT_PROTOTYPES = YES;
				CLANG_WARN_SUSPICIOUS_MOVE = YES;
				CLANG_WARN_UNGUARDED_AVAILABILITY = YES_AGGRESSIVE;
				CLANG_WARN_UNREACHABLE_CODE = YES;
				CLANG_WARN__DUPLICATE_METHOD_MATCH = YES;
				COPY_PHASE_STRIP = NO;
				DEBUG_INFORMATION_FORMAT = "dwarf-with-dsym";
				ENABLE_NS_ASSERTIONS = NO;
				ENABLE_STRICT_OBJC_MSGSEND = YES;
				GCC_C_LANGUAGE_STANDARD = gnu11;
				GCC_NO_COMMON_BLOCKS = YES;
				GCC_WARN_64_TO_32_BIT_CONVERSION = YES;
				GCC_WARN_ABOUT_RETURN_TYPE = YES_ERROR;
				GCC_WARN_UNDECLARED_SELECTOR = YES;
				GCC_WARN_UNINITIALIZED_AUTOS = YES_AGGRESSIVE;
				GCC_WARN_UNUSED_FUNCTION = YES;
				GCC_WARN_UNUSED_VARIABLE = YES;
				IPHONEOS_DEPLOYMENT_TARGET = 15.2;
				MTL_ENABLE_DEBUG_INFO = NO;
				MTL_FAST_MATH = YES;
				SDKROOT = iphoneos;
				SWIFT_COMPILATION_MODE = wholemodule;
				SWIFT_OPTIMIZATION_LEVEL = "-O";
				VALIDATE_PRODUCT = YES;
			};
			name = Release;
		};
		BEEA413F27AAAF2400331747 /* Debug */ = {
			isa = XCBuildConfiguration;
			buildSettings = {
				ASSETCATALOG_COMPILER_APPICON_NAME = AppIcon;
				ASSETCATALOG_COMPILER_GLOBAL_ACCENT_COLOR_NAME = AccentColor;
				CODE_SIGN_STYLE = Automatic;
				CURRENT_PROJECT_VERSION = 1;
				GENERATE_INFOPLIST_FILE = YES;
				INFOPLIST_FILE = "Aula 2 Viagens/Info.plist";
				INFOPLIST_KEY_UIApplicationSupportsIndirectInputEvents = YES;
				INFOPLIST_KEY_UILaunchStoryboardName = LaunchScreen;
				INFOPLIST_KEY_UIMainStoryboardFile = Main;
				INFOPLIST_KEY_UISupportedInterfaceOrientations_iPad = "UIInterfaceOrientationPortrait UIInterfaceOrientationPortraitUpsideDown UIInterfaceOrientationLandscapeLeft UIInterfaceOrientationLandscapeRight";
				INFOPLIST_KEY_UISupportedInterfaceOrientations_iPhone = "UIInterfaceOrientationPortrait UIInterfaceOrientationLandscapeLeft UIInterfaceOrientationLandscapeRight";
				LD_RUNPATH_SEARCH_PATHS = (
					"$(inherited)",
					"@executable_path/Frameworks",
				);
				MARKETING_VERSION = 1.0;
				PRODUCT_BUNDLE_IDENTIFIER = "br.com.borges.Aula-2-Viagens";
				PRODUCT_NAME = "$(TARGET_NAME)";
				SWIFT_EMIT_LOC_STRINGS = YES;
				SWIFT_VERSION = 5.0;
				TARGETED_DEVICE_FAMILY = "1,2";
			};
			name = Debug;
		};
		BEEA414027AAAF2400331747 /* Release */ = {
			isa = XCBuildConfiguration;
			buildSettings = {
				ASSETCATALOG_COMPILER_APPICON_NAME = AppIcon;
				ASSETCATALOG_COMPILER_GLOBAL_ACCENT_COLOR_NAME = AccentColor;
				CODE_SIGN_STYLE = Automatic;
				CURRENT_PROJECT_VERSION = 1;
				GENERATE_INFOPLIST_FILE = YES;
				INFOPLIST_FILE = "Aula 2 Viagens/Info.plist";
				INFOPLIST_KEY_UIApplicationSupportsIndirectInputEvents = YES;
				INFOPLIST_KEY_UILaunchStoryboardName = LaunchScreen;
				INFOPLIST_KEY_UIMainStoryboardFile = Main;
				INFOPLIST_KEY_UISupportedInterfaceOrientations_iPad = "UIInterfaceOrientationPortrait UIInterfaceOrientationPortraitUpsideDown UIInterfaceOrientationLandscapeLeft UIInterfaceOrientationLandscapeRight";
				INFOPLIST_KEY_UISupportedInterfaceOrientations_iPhone = "UIInterfaceOrientationPortrait UIInterfaceOrientationLandscapeLeft UIInterfaceOrientationLandscapeRight";
				LD_RUNPATH_SEARCH_PATHS = (
					"$(inherited)",
					"@executable_path/Frameworks",
				);
				MARKETING_VERSION = 1.0;
				PRODUCT_BUNDLE_IDENTIFIER = "br.com.borges.Aula-2-Viagens";
				PRODUCT_NAME = "$(TARGET_NAME)";
				SWIFT_EMIT_LOC_STRINGS = YES;
				SWIFT_VERSION = 5.0;
				TARGETED_DEVICE_FAMILY = "1,2";
			};
			name = Release;
		};
		BEEA414227AAAF2400331747 /* Debug */ = {
			isa = XCBuildConfiguration;
			buildSettings = {
				ALWAYS_EMBED_SWIFT_STANDARD_LIBRARIES = YES;
				BUNDLE_LOADER = "$(TEST_HOST)";
				CODE_SIGN_STYLE = Automatic;
				CURRENT_PROJECT_VERSION = 1;
				GENERATE_INFOPLIST_FILE = YES;
				IPHONEOS_DEPLOYMENT_TARGET = 15.2;
				MARKETING_VERSION = 1.0;
				PRODUCT_BUNDLE_IDENTIFIER = "br.com.borges.Aula-2-ViagensTests";
				PRODUCT_NAME = "$(TARGET_NAME)";
				SWIFT_EMIT_LOC_STRINGS = NO;
				SWIFT_VERSION = 5.0;
				TARGETED_DEVICE_FAMILY = "1,2";
				TEST_HOST = "$(BUILT_PRODUCTS_DIR)/Aula 2 Viagens.app/Aula 2 Viagens";
			};
			name = Debug;
		};
		BEEA414327AAAF2400331747 /* Release */ = {
			isa = XCBuildConfiguration;
			buildSettings = {
				ALWAYS_EMBED_SWIFT_STANDARD_LIBRARIES = YES;
				BUNDLE_LOADER = "$(TEST_HOST)";
				CODE_SIGN_STYLE = Automatic;
				CURRENT_PROJECT_VERSION = 1;
				GENERATE_INFOPLIST_FILE = YES;
				IPHONEOS_DEPLOYMENT_TARGET = 15.2;
				MARKETING_VERSION = 1.0;
				PRODUCT_BUNDLE_IDENTIFIER = "br.com.borges.Aula-2-ViagensTests";
				PRODUCT_NAME = "$(TARGET_NAME)";
				SWIFT_EMIT_LOC_STRINGS = NO;
				SWIFT_VERSION = 5.0;
				TARGETED_DEVICE_FAMILY = "1,2";
				TEST_HOST = "$(BUILT_PRODUCTS_DIR)/Aula 2 Viagens.app/Aula 2 Viagens";
			};
			name = Release;
		};
		BEEA414527AAAF2400331747 /* Debug */ = {
			isa = XCBuildConfiguration;
			buildSettings = {
				ALWAYS_EMBED_SWIFT_STANDARD_LIBRARIES = YES;
				CODE_SIGN_STYLE = Automatic;
				CURRENT_PROJECT_VERSION = 1;
				GENERATE_INFOPLIST_FILE = YES;
				MARKETING_VERSION = 1.0;
				PRODUCT_BUNDLE_IDENTIFIER = "br.com.borges.Aula-2-ViagensUITests";
				PRODUCT_NAME = "$(TARGET_NAME)";
				SWIFT_EMIT_LOC_STRINGS = NO;
				SWIFT_VERSION = 5.0;
				TARGETED_DEVICE_FAMILY = "1,2";
				TEST_TARGET_NAME = "Aula 2 Viagens";
			};
			name = Debug;
		};
		BEEA414627AAAF2400331747 /* Release */ = {
			isa = XCBuildConfiguration;
			buildSettings = {
				ALWAYS_EMBED_SWIFT_STANDARD_LIBRARIES = YES;
				CODE_SIGN_STYLE = Automatic;
				CURRENT_PROJECT_VERSION = 1;
				GENERATE_INFOPLIST_FILE = YES;
				MARKETING_VERSION = 1.0;
				PRODUCT_BUNDLE_IDENTIFIER = "br.com.borges.Aula-2-ViagensUITests";
				PRODUCT_NAME = "$(TARGET_NAME)";
				SWIFT_EMIT_LOC_STRINGS = NO;
				SWIFT_VERSION = 5.0;
				TARGETED_DEVICE_FAMILY = "1,2";
				TEST_TARGET_NAME = "Aula 2 Viagens";
			};
			name = Release;
		};
/* End XCBuildConfiguration section */

/* Begin XCConfigurationList section */
		BEEA410C27AAAF2100331747 /* Build configuration list for PBXProject "Aula 2 Viagens" */ = {
			isa = XCConfigurationList;
			buildConfigurations = (
				BEEA413C27AAAF2400331747 /* Debug */,
				BEEA413D27AAAF2400331747 /* Release */,
			);
			defaultConfigurationIsVisible = 0;
			defaultConfigurationName = Release;
		};
		BEEA413E27AAAF2400331747 /* Build configuration list for PBXNativeTarget "Aula 2 Viagens" */ = {
			isa = XCConfigurationList;
			buildConfigurations = (
				BEEA413F27AAAF2400331747 /* Debug */,
				BEEA414027AAAF2400331747 /* Release */,
			);
			defaultConfigurationIsVisible = 0;
			defaultConfigurationName = Release;
		};
		BEEA414127AAAF2400331747 /* Build configuration list for PBXNativeTarget "Aula 2 ViagensTests" */ = {
			isa = XCConfigurationList;
			buildConfigurations = (
				BEEA414227AAAF2400331747 /* Debug */,
				BEEA414327AAAF2400331747 /* Release */,
			);
			defaultConfigurationIsVisible = 0;
			defaultConfigurationName = Release;
		};
		BEEA414427AAAF2400331747 /* Build configuration list for PBXNativeTarget "Aula 2 ViagensUITests" */ = {
			isa = XCConfigurationList;
			buildConfigurations = (
				BEEA414527AAAF2400331747 /* Debug */,
				BEEA414627AAAF2400331747 /* Release */,
			);
			defaultConfigurationIsVisible = 0;
			defaultConfigurationName = Release;
		};
/* End XCConfigurationList section */

/* Begin XCVersionGroup section */
		BEEA411D27AAAF2100331747 /* Aula_2_Viagens.xcdatamodeld */ = {
			isa = XCVersionGroup;
			children = (
				BEEA411E27AAAF2100331747 /* Aula_2_Viagens.xcdatamodel */,
			);
			currentVersion = BEEA411E27AAAF2100331747 /* Aula_2_Viagens.xcdatamodel */;
			path = Aula_2_Viagens.xcdatamodeld;
			sourceTree = "<group>";
			versionGroupType = wrapper.xcdatamodel;
		};
/* End XCVersionGroup section */
	};
	rootObject = BEEA410927AAAF2100331747 /* Project object */;
}
